
Microsoft Visual Studio Solution File, Format Version 12.00
# Visual Studio Version 17
VisualStudioVersion = 17.12.35514.174 d17.12
MinimumVisualStudioVersion = 10.0.40219.1
Project("{FAE04EC0-301F-11D3-BF4B-00C04F79EFBC}") = "Desafio015", "Desafio015\Desafio015.csproj", "{603356FC-2FDE-4400-8153-136A5C3B1419}"
EndProject
Global
	GlobalSection(SolutionConfigurationPlatforms) = preSolution
		Debug|Any CPU = Debug|Any CPU
		Release|Any CPU = Release|Any CPU
	EndGlobalSection
	GlobalSection(ProjectConfigurationPlatforms) = postSolution
		{603356FC-2FDE-4400-8153-136A5C3B1419}.Debug|Any CPU.ActiveCfg = Debug|Any CPU
		{603356FC-2FDE-4400-8153-136A5C3B1419}.Debug|Any CPU.Build.0 = Debug|Any CPU
		{603356FC-2FDE-4400-8153-136A5C3B1419}.Release|Any CPU.ActiveCfg = Release|Any CPU
		{603356FC-2FDE-4400-8153-136A5C3B1419}.Release|Any CPU.Build.0 = Release|Any CPU
	EndGlobalSection
	GlobalSection(SolutionProperties) = preSolution
		HideSolutionNode = FALSE
	EndGlobalSection
EndGlobal
