
Microsoft Visual Studio Solution File, Format Version 12.00
# Visual Studio Version 17
VisualStudioVersion = 17.12.35514.174 d17.12
MinimumVisualStudioVersion = 10.0.40219.1
Project("{FAE04EC0-301F-11D3-BF4B-00C04F79EFBC}") = "1 - PrimeiroProjeto", "1 - PrimeiroProjeto\1 - PrimeiroProjeto.csproj", "{FFA9766E-36C9-45A8-8E96-C7EE7C8D6558}"
EndProject
Global
	GlobalSection(SolutionConfigurationPlatforms) = preSolution
		Debug|Any CPU = Debug|Any CPU
		Release|Any CPU = Release|Any CPU
	EndGlobalSection
	GlobalSection(ProjectConfigurationPlatforms) = postSolution
		{FFA9766E-36C9-45A8-8E96-C7EE7C8D6558}.Debug|Any CPU.ActiveCfg = Debug|Any CPU
		{FFA9766E-36C9-45A8-8E96-C7EE7C8D6558}.Debug|Any CPU.Build.0 = Debug|Any CPU
		{FFA9766E-36C9-45A8-8E96-C7EE7C8D6558}.Release|Any CPU.ActiveCfg = Release|Any CPU
		{FFA9766E-36C9-45A8-8E96-C7EE7C8D6558}.Release|Any CPU.Build.0 = Release|Any CPU
	EndGlobalSection
	GlobalSection(SolutionProperties) = preSolution
		HideSolutionNode = FALSE
	EndGlobalSection
EndGlobal
